
Microsoft Visual Studio Solution File, Format Version 12.00
# Visual Studio 15
VisualStudioVersion = 15.0.28307.705
MinimumVisualStudioVersion = 10.0.40219.1
Project("{9A19103F-16F7-4668-BE54-9A1E7A4F7556}") = "FacilityManagement.Web", "FacilityManagement\FacilityManagement.Web.csproj", "{22D3D223-D57E-4F83-91C8-ABDAF4DCED3F}"
EndProject
Project("{9A19103F-16F7-4668-BE54-9A1E7A4F7556}") = "FacilityManagement.IdentityServer", "FacilityManagement.IdentityServer\FacilityManagement.IdentityServer.csproj", "{3241B34A-C47A-4E21-B5CC-976F19A6E027}"
EndProject
Project("{9A19103F-16F7-4668-BE54-9A1E7A4F7556}") = "FacilityManagement.API", "FacilityManagement.API\FacilityManagement.API.csproj", "{F989972D-3825-4E1A-B598-E6DD7273CF16}"
EndProject
Project("{9A19103F-16F7-4668-BE54-9A1E7A4F7556}") = "FacilityManagement.DTOs", "FacilityManagement.DTOs\FacilityManagement.DTOs.csproj", "{4EF99D8B-8EE4-4A92-97BD-14527E4B1B19}"
EndProject
Global
	GlobalSection(SolutionConfigurationPlatforms) = preSolution
		Debug|Any CPU = Debug|Any CPU
		Release|Any CPU = Release|Any CPU
	EndGlobalSection
	GlobalSection(ProjectConfigurationPlatforms) = postSolution
		{22D3D223-D57E-4F83-91C8-ABDAF4DCED3F}.Debug|Any CPU.ActiveCfg = Debug|Any CPU
		{22D3D223-D57E-4F83-91C8-ABDAF4DCED3F}.Debug|Any CPU.Build.0 = Debug|Any CPU
		{22D3D223-D57E-4F83-91C8-ABDAF4DCED3F}.Release|Any CPU.ActiveCfg = Release|Any CPU
		{22D3D223-D57E-4F83-91C8-ABDAF4DCED3F}.Release|Any CPU.Build.0 = Release|Any CPU
		{3241B34A-C47A-4E21-B5CC-976F19A6E027}.Debug|Any CPU.ActiveCfg = Debug|Any CPU
		{3241B34A-C47A-4E21-B5CC-976F19A6E027}.Debug|Any CPU.Build.0 = Debug|Any CPU
		{3241B34A-C47A-4E21-B5CC-976F19A6E027}.Release|Any CPU.ActiveCfg = Release|Any CPU
		{3241B34A-C47A-4E21-B5CC-976F19A6E027}.Release|Any CPU.Build.0 = Release|Any CPU
		{F989972D-3825-4E1A-B598-E6DD7273CF16}.Debug|Any CPU.ActiveCfg = Debug|Any CPU
		{F989972D-3825-4E1A-B598-E6DD7273CF16}.Debug|Any CPU.Build.0 = Debug|Any CPU
		{F989972D-3825-4E1A-B598-E6DD7273CF16}.Release|Any CPU.ActiveCfg = Release|Any CPU
		{F989972D-3825-4E1A-B598-E6DD7273CF16}.Release|Any CPU.Build.0 = Release|Any CPU
		{4EF99D8B-8EE4-4A92-97BD-14527E4B1B19}.Debug|Any CPU.ActiveCfg = Debug|Any CPU
		{4EF99D8B-8EE4-4A92-97BD-14527E4B1B19}.Debug|Any CPU.Build.0 = Debug|Any CPU
		{4EF99D8B-8EE4-4A92-97BD-14527E4B1B19}.Release|Any CPU.ActiveCfg = Release|Any CPU
		{4EF99D8B-8EE4-4A92-97BD-14527E4B1B19}.Release|Any CPU.Build.0 = Release|Any CPU
	EndGlobalSection
	GlobalSection(SolutionProperties) = preSolution
		HideSolutionNode = FALSE
	EndGlobalSection
	GlobalSection(ExtensibilityGlobals) = postSolution
		SolutionGuid = {0A6794E7-251F-43E9-8F07-094FE6D2A7DA}
	EndGlobalSection
EndGlobal
