
Microsoft Visual Studio Solution File, Format Version 12.00
# Visual Studio 15
VisualStudioVersion = 15.0.28307.705
MinimumVisualStudioVersion = 10.0.40219.1
Project("{FAE04EC0-301F-11D3-BF4B-00C04F79EFBC}") = "FacilityManagement.Web", "FacilityManagement\FacilityManagement.Web.csproj", "{22D3D223-D57E-4F83-91C8-ABDAF4DCED3F}"
EndProject
Global
	GlobalSection(SolutionConfigurationPlatforms) = preSolution
		Debug|Any CPU = Debug|Any CPU
		Release|Any CPU = Release|Any CPU
	EndGlobalSection
	GlobalSection(ProjectConfigurationPlatforms) = postSolution
		{22D3D223-D57E-4F83-91C8-ABDAF4DCED3F}.Debug|Any CPU.ActiveCfg = Debug|Any CPU
		{22D3D223-D57E-4F83-91C8-ABDAF4DCED3F}.Debug|Any CPU.Build.0 = Debug|Any CPU
		{22D3D223-D57E-4F83-91C8-ABDAF4DCED3F}.Release|Any CPU.ActiveCfg = Release|Any CPU
		{22D3D223-D57E-4F83-91C8-ABDAF4DCED3F}.Release|Any CPU.Build.0 = Release|Any CPU
	EndGlobalSection
	GlobalSection(SolutionProperties) = preSolution
		HideSolutionNode = FALSE
	EndGlobalSection
	GlobalSection(ExtensibilityGlobals) = postSolution
		SolutionGuid = {0A6794E7-251F-43E9-8F07-094FE6D2A7DA}
	EndGlobalSection
EndGlobal
